
Microsoft Visual Studio Solution File, Format Version 12.00
# Visual Studio Version 17
VisualStudioVersion = 17.3.32825.248
MinimumVisualStudioVersion = 10.0.40219.1
Project("{FAE04EC0-301F-11D3-BF4B-00C04F79EFBC}") = "GestorAplicaciones", "GestorAplicaciones\GestorAplicaciones.csproj", "{07CA8215-81C3-4359-A73E-52E892693E4E}"
EndProject
Global
	GlobalSection(SolutionConfigurationPlatforms) = preSolution
		Debug|Any CPU = Debug|Any CPU
		Release|Any CPU = Release|Any CPU
	EndGlobalSection
	GlobalSection(ProjectConfigurationPlatforms) = postSolution
		{07CA8215-81C3-4359-A73E-52E892693E4E}.Debug|Any CPU.ActiveCfg = Debug|Any CPU
		{07CA8215-81C3-4359-A73E-52E892693E4E}.Debug|Any CPU.Build.0 = Debug|Any CPU
		{07CA8215-81C3-4359-A73E-52E892693E4E}.Release|Any CPU.ActiveCfg = Release|Any CPU
		{07CA8215-81C3-4359-A73E-52E892693E4E}.Release|Any CPU.Build.0 = Release|Any CPU
	EndGlobalSection
	GlobalSection(SolutionProperties) = preSolution
		HideSolutionNode = FALSE
	EndGlobalSection
	GlobalSection(ExtensibilityGlobals) = postSolution
		SolutionGuid = {FBC86745-BE73-455D-A9ED-A511AEE6A403}
	EndGlobalSection
EndGlobal
